{
  "requires": true,
  "lockfileVersion": 1,
  "dependencies": {
    "rae-api": {
      "version": "1.5.0",
      "resolved": "https://registry.npmjs.org/rae-api/-/rae-api-1.5.0.tgz",
      "integrity": "sha512-//2wxRUp10PyyF4UGovNNf8Le/BSyNCJ/oWaT9i4D67CZjmv/ocB9ufCq0uU+BnLUxdlD3SbsQkVnrDesxo9Qw=="
    }
  }
}
